
Microsoft Visual Studio Solution File, Format Version 12.00
# Visual Studio 15
VisualStudioVersion = 15.0.28307.539
MinimumVisualStudioVersion = 10.0.40219.1
Project("{9A19103F-16F7-4668-BE54-9A1E7A4F7556}") = "Auth", "Auth\Auth.csproj", "{D69843F4-8A69-43FC-A21A-9A9552E22BBE}"
EndProject
Global
	GlobalSection(SolutionConfigurationPlatforms) = preSolution
		Debug|Any CPU = Debug|Any CPU
		Release|Any CPU = Release|Any CPU
	EndGlobalSection
	GlobalSection(ProjectConfigurationPlatforms) = postSolution
		{D69843F4-8A69-43FC-A21A-9A9552E22BBE}.Debug|Any CPU.ActiveCfg = Debug|Any CPU
		{D69843F4-8A69-43FC-A21A-9A9552E22BBE}.Debug|Any CPU.Build.0 = Debug|Any CPU
		{D69843F4-8A69-43FC-A21A-9A9552E22BBE}.Release|Any CPU.ActiveCfg = Release|Any CPU
		{D69843F4-8A69-43FC-A21A-9A9552E22BBE}.Release|Any CPU.Build.0 = Release|Any CPU
	EndGlobalSection
	GlobalSection(SolutionProperties) = preSolution
		HideSolutionNode = FALSE
	EndGlobalSection
	GlobalSection(ExtensibilityGlobals) = postSolution
		SolutionGuid = {95C32CCA-542B-4653-B82F-34B7B45B73EA}
	EndGlobalSection
EndGlobal
